
Microsoft Visual Studio Solution File, Format Version 12.00
# Visual Studio Version 17
VisualStudioVersion = 17.0.32014.148
MinimumVisualStudioVersion = 10.0.40219.1
Project("{FAE04EC0-301F-11D3-BF4B-00C04F79EFBC}") = "AutoUpdater", "AutoUpdater\AutoUpdater.csproj", "{F2777174-89B0-4CD7-BD4A-BF867E5BB8E3}"
EndProject
Project("{FAE04EC0-301F-11D3-BF4B-00C04F79EFBC}") = "SkompareWPF", "SkompareWPF\SkompareWPF.csproj", "{F36F3E46-D7CB-436C-8287-DCEDEDCAF876}"
EndProject
Global
	GlobalSection(SolutionConfigurationPlatforms) = preSolution
		Debug|Any CPU = Debug|Any CPU
		Release|Any CPU = Release|Any CPU
	EndGlobalSection
	GlobalSection(ProjectConfigurationPlatforms) = postSolution
		{F2777174-89B0-4CD7-BD4A-BF867E5BB8E3}.Debug|Any CPU.ActiveCfg = Debug|Any CPU
		{F2777174-89B0-4CD7-BD4A-BF867E5BB8E3}.Debug|Any CPU.Build.0 = Debug|Any CPU
		{F2777174-89B0-4CD7-BD4A-BF867E5BB8E3}.Release|Any CPU.ActiveCfg = Release|Any CPU
		{F2777174-89B0-4CD7-BD4A-BF867E5BB8E3}.Release|Any CPU.Build.0 = Release|Any CPU
		{F36F3E46-D7CB-436C-8287-DCEDEDCAF876}.Debug|Any CPU.ActiveCfg = Debug|Any CPU
		{F36F3E46-D7CB-436C-8287-DCEDEDCAF876}.Debug|Any CPU.Build.0 = Debug|Any CPU
		{F36F3E46-D7CB-436C-8287-DCEDEDCAF876}.Release|Any CPU.ActiveCfg = Release|Any CPU
		{F36F3E46-D7CB-436C-8287-DCEDEDCAF876}.Release|Any CPU.Build.0 = Release|Any CPU
	EndGlobalSection
	GlobalSection(SolutionProperties) = preSolution
		HideSolutionNode = FALSE
	EndGlobalSection
	GlobalSection(ExtensibilityGlobals) = postSolution
		SolutionGuid = {6DB95DC0-82D7-43DA-B2DA-381EE9A87CD3}
	EndGlobalSection
EndGlobal
